# This file is automatically @generated by Cargo.
# It is not intended for manual editing.
version = 3

[[package]]
name = "byteorder"
version = "1.5.0"
source = "registry+https://github.com/rust-lang/crates.io-index"
checksum = "1fd0f2584146f6f2ef48085050886acf353beff7305ebd1ae69500e27c67f64b"

[[package]]
name = "libc"
version = "0.2.0"
source = "registry+https://github.com/rust-lang/crates.io-index"
checksum = "fd386f0746b2a12a14f1256fa1ee9a31c584aadcdd0b72b15a4cb59381e60b2d"

[[package]]
name = "lqth"
version = "0.1.0"
dependencies = [
 "byteorder",
 "thiserror",
 "x11",
]

[[package]]
name = "pkg-config"
version = "0.3.24"
source = "registry+https://github.com/rust-lang/crates.io-index"
checksum = "58893f751c9b0412871a09abd62ecd2a00298c6c83befa223ef98c52aef40cbe"

[[package]]
name = "proc-macro2"
version = "1.0.0"
source = "registry+https://github.com/rust-lang/crates.io-index"
checksum = "19f287c234c9b2d0308d692dee5c449c1a171167a6f8150f7cf2a49d8fd96967"
dependencies = [
 "unicode-xid",
]

[[package]]
name = "quote"
version = "1.0.0"
source = "registry+https://github.com/rust-lang/crates.io-index"
checksum = "7ab938ebe6f1c82426b5fb82eaf10c3e3028c53deaa3fbe38f5904b37cf4d767"
dependencies = [
 "proc-macro2",
]

[[package]]
name = "syn"
version = "1.0.0"
source = "registry+https://github.com/rust-lang/crates.io-index"
checksum = "9f8c8eab7d9f493cd89d4068085651d81ac7d39c56eb64f7158ea514b156e280"
dependencies = [
 "proc-macro2",
 "quote",
 "unicode-xid",
]

[[package]]
name = "thiserror"
version = "1.0.2"
source = "registry+https://github.com/rust-lang/crates.io-index"
checksum = "79067843a369b7df0391d33d48636936ee91aa6d6370931eebe1278e6f88a723"
dependencies = [
 "thiserror-impl",
]

[[package]]
name = "thiserror-impl"
version = "1.0.2"
source = "registry+https://github.com/rust-lang/crates.io-index"
checksum = "2dc6215837a07b345fd86880601a9c55bb5974e0cec507c48bbd3aaa006559a9"
dependencies = [
 "proc-macro2",
 "quote",
 "syn",
]

[[package]]
name = "unicode-xid"
version = "0.2.0"
source = "registry+https://github.com/rust-lang/crates.io-index"
checksum = "826e7639553986605ec5979c7dd957c7895e93eabed50ab2ffa7f6128a75097c"

[[package]]
name = "x11"
version = "2.21.0"
source = "registry+https://github.com/rust-lang/crates.io-index"
checksum = "502da5464ccd04011667b11c435cb992822c2c0dbde1770c988480d312a0db2e"
dependencies = [
 "libc",
 "pkg-config",
]
